
Microsoft Visual Studio Solution File, Format Version 12.00
# Visual Studio Version 17
VisualStudioVersion = 17.4.33103.184
MinimumVisualStudioVersion = 10.0.40219.1
Project("{9A19103F-16F7-4668-BE54-9A1E7A4F7556}") = "ProjectorNet", "ProjectorNet\ProjectorNet.csproj", "{49D9EFC9-B68A-41B9-9562-249E965F56B7}"
EndProject
Project("{FAE04EC0-301F-11D3-BF4B-00C04F79EFBC}") = "ProjectorNet.Generator", "ProjectorNet.Generator\ProjectorNet.Generator.csproj", "{5FECCD9E-D582-44A8-B623-D6A619A455D3}"
EndProject
Project("{FAE04EC0-301F-11D3-BF4B-00C04F79EFBC}") = "ProjectorNet.Samples", "ProjectorNet.Samples\ProjectorNet.Samples.csproj", "{2AFA26E1-AA1D-415D-8C09-688AF39B9620}"
EndProject
Global
	GlobalSection(SolutionConfigurationPlatforms) = preSolution
		Debug|Any CPU = Debug|Any CPU
		Release|Any CPU = Release|Any CPU
	EndGlobalSection
	GlobalSection(ProjectConfigurationPlatforms) = postSolution
		{49D9EFC9-B68A-41B9-9562-249E965F56B7}.Debug|Any CPU.ActiveCfg = Debug|Any CPU
		{49D9EFC9-B68A-41B9-9562-249E965F56B7}.Debug|Any CPU.Build.0 = Debug|Any CPU
		{49D9EFC9-B68A-41B9-9562-249E965F56B7}.Release|Any CPU.ActiveCfg = Release|Any CPU
		{49D9EFC9-B68A-41B9-9562-249E965F56B7}.Release|Any CPU.Build.0 = Release|Any CPU
		{5FECCD9E-D582-44A8-B623-D6A619A455D3}.Debug|Any CPU.ActiveCfg = Debug|Any CPU
		{5FECCD9E-D582-44A8-B623-D6A619A455D3}.Debug|Any CPU.Build.0 = Debug|Any CPU
		{5FECCD9E-D582-44A8-B623-D6A619A455D3}.Release|Any CPU.ActiveCfg = Release|Any CPU
		{5FECCD9E-D582-44A8-B623-D6A619A455D3}.Release|Any CPU.Build.0 = Release|Any CPU
		{2AFA26E1-AA1D-415D-8C09-688AF39B9620}.Debug|Any CPU.ActiveCfg = Debug|Any CPU
		{2AFA26E1-AA1D-415D-8C09-688AF39B9620}.Debug|Any CPU.Build.0 = Debug|Any CPU
		{2AFA26E1-AA1D-415D-8C09-688AF39B9620}.Release|Any CPU.ActiveCfg = Release|Any CPU
		{2AFA26E1-AA1D-415D-8C09-688AF39B9620}.Release|Any CPU.Build.0 = Release|Any CPU
	EndGlobalSection
	GlobalSection(SolutionProperties) = preSolution
		HideSolutionNode = FALSE
	EndGlobalSection
	GlobalSection(ExtensibilityGlobals) = postSolution
		SolutionGuid = {5C16DE04-BDA2-48D7-A128-BE5BC444378C}
	EndGlobalSection
EndGlobal
